
Microsoft Visual Studio Solution File, Format Version 12.00
# Visual Studio Version 16
VisualStudioVersion = 16.0.31501.217
MinimumVisualStudioVersion = 10.0.40219.1
Project("{9A19103F-16F7-4668-BE54-9A1E7A4F7556}") = "DesignPatternsTrain", "DesignPatternsTrain\DesignPatternsTrain.csproj", "{371E9016-9BF8-4825-8B50-B559B9016723}"
EndProject
Project("{9A19103F-16F7-4668-BE54-9A1E7A4F7556}") = "PatternsTest", "PatternsTest\PatternsTest.csproj", "{3ADA1034-AEED-48EB-B04D-FA11E8454452}"
EndProject
Global
	GlobalSection(SolutionConfigurationPlatforms) = preSolution
		Debug|Any CPU = Debug|Any CPU
		Release|Any CPU = Release|Any CPU
	EndGlobalSection
	GlobalSection(ProjectConfigurationPlatforms) = postSolution
		{371E9016-9BF8-4825-8B50-B559B9016723}.Debug|Any CPU.ActiveCfg = Debug|Any CPU
		{371E9016-9BF8-4825-8B50-B559B9016723}.Debug|Any CPU.Build.0 = Debug|Any CPU
		{371E9016-9BF8-4825-8B50-B559B9016723}.Release|Any CPU.ActiveCfg = Release|Any CPU
		{371E9016-9BF8-4825-8B50-B559B9016723}.Release|Any CPU.Build.0 = Release|Any CPU
		{3ADA1034-AEED-48EB-B04D-FA11E8454452}.Debug|Any CPU.ActiveCfg = Debug|Any CPU
		{3ADA1034-AEED-48EB-B04D-FA11E8454452}.Debug|Any CPU.Build.0 = Debug|Any CPU
		{3ADA1034-AEED-48EB-B04D-FA11E8454452}.Release|Any CPU.ActiveCfg = Release|Any CPU
		{3ADA1034-AEED-48EB-B04D-FA11E8454452}.Release|Any CPU.Build.0 = Release|Any CPU
	EndGlobalSection
	GlobalSection(SolutionProperties) = preSolution
		HideSolutionNode = FALSE
	EndGlobalSection
	GlobalSection(ExtensibilityGlobals) = postSolution
		SolutionGuid = {E0CE51B9-8B4B-4341-B170-49FA35F99DE3}
	EndGlobalSection
EndGlobal
